
Microsoft Visual Studio Solution File, Format Version 12.00
# Visual Studio 15
VisualStudioVersion = 15.0.26730.16
MinimumVisualStudioVersion = 10.0.40219.1
Project("{8BC9CEB8-8B4A-11D0-8D11-00A0C91BC942}") = "Serveur", "Serveur\Serveur.vcxproj", "{8E76BBA2-586A-40F3-8D9D-29454BD790AE}"
EndProject
Global
	GlobalSection(SolutionConfigurationPlatforms) = preSolution
		Debug|x64 = Debug|x64
		Debug|x86 = Debug|x86
		Release|x64 = Release|x64
		Release|x86 = Release|x86
	EndGlobalSection
	GlobalSection(ProjectConfigurationPlatforms) = postSolution
		{8E76BBA2-586A-40F3-8D9D-29454BD790AE}.Debug|x64.ActiveCfg = Debug|x64
		{8E76BBA2-586A-40F3-8D9D-29454BD790AE}.Debug|x64.Build.0 = Debug|x64
		{8E76BBA2-586A-40F3-8D9D-29454BD790AE}.Debug|x86.ActiveCfg = Debug|Win32
		{8E76BBA2-586A-40F3-8D9D-29454BD790AE}.Debug|x86.Build.0 = Debug|Win32
		{8E76BBA2-586A-40F3-8D9D-29454BD790AE}.Release|x64.ActiveCfg = Release|x64
		{8E76BBA2-586A-40F3-8D9D-29454BD790AE}.Release|x64.Build.0 = Release|x64
		{8E76BBA2-586A-40F3-8D9D-29454BD790AE}.Release|x86.ActiveCfg = Release|Win32
		{8E76BBA2-586A-40F3-8D9D-29454BD790AE}.Release|x86.Build.0 = Release|Win32
	EndGlobalSection
	GlobalSection(SolutionProperties) = preSolution
		HideSolutionNode = FALSE
	EndGlobalSection
	GlobalSection(ExtensibilityGlobals) = postSolution
		SolutionGuid = {F88200FF-EB1E-4783-8BC0-467B8CCB3DE6}
	EndGlobalSection
EndGlobal
